// !$*UTF8*$!
{
	archiveVersion = 1;
	classes = {
	};
	objectVersion = 46;
	objects = {

/* Begin PBXBuildFile section */
		E7DC732716D7A2D80039F69A /* Foundation.framework in Frameworks */ = {isa = PBXBuildFile; fileRef = E7DC732616D7A2D80039F69A /* Foundation.framework */; };
		E7DC732C16D7A2D80039F69A /* PocoFoundation.h in CopyFiles */ = {isa = PBXBuildFile; fileRef = E7DC732B16D7A2D80039F69A /* PocoFoundation.h */; };
		E7DC732E16D7A2D80039F69A /* PocoFoundation.m in Sources */ = {isa = PBXBuildFile; fileRef = E7DC732D16D7A2D80039F69A /* PocoFoundation.m */; };
/* End PBXBuildFile section */

/* Begin PBXCopyFilesBuildPhase section */
		E7DC732116D7A2D80039F69A /* CopyFiles */ = {
			isa = PBXCopyFilesBuildPhase;
			buildActionMask = 2147483647;
			dstPath = "include/${PRODUCT_NAME}";
			dstSubfolderSpec = 16;
			files = (
				E7DC732C16D7A2D80039F69A /* PocoFoundation.h in CopyFiles */,
			);
			runOnlyForDeploymentPostprocessing = 0;
		};
/* End PBXCopyFilesBuildPhase section */

/* Begin PBXFileReference section */
		E7DC732316D7A2D80039F69A /* libPocoFoundation.a */ = {isa = PBXFileReference; explicitFileType = archive.ar; includeInIndex = 0; path = libPocoFoundation.a; sourceTree = BUILT_PRODUCTS_DIR; };
		E7DC732616D7A2D80039F69A /* Foundation.framework */ = {isa = PBXFileReference; lastKnownFileType = wrapper.framework; name = Foundation.framework; path = System/Library/Frameworks/Foundation.framework; sourceTree = SDKROOT; };
		E7DC732A16D7A2D80039F69A /* PocoFoundation-Prefix.pch */ = {isa = PBXFileReference; lastKnownFileType = sourcecode.c.h; path = "PocoFoundation-Prefix.pch"; sourceTree = "<group>"; };
		E7DC732B16D7A2D80039F69A /* PocoFoundation.h */ = {isa = PBXFileReference; lastKnownFileType = sourcecode.c.h; path = PocoFoundation.h; sourceTree = "<group>"; };
		E7DC732D16D7A2D80039F69A /* PocoFoundation.m */ = {isa = PBXFileReference; lastKnownFileType = sourcecode.c.objc; path = PocoFoundation.m; sourceTree = "<group>"; };
/* End PBXFileReference section */

/* Begin PBXFrameworksBuildPhase section */
		E7DC732016D7A2D80039F69A /* Frameworks */ = {
			isa = PBXFrameworksBuildPhase;
			buildActionMask = 2147483647;
			files = (
				E7DC732716D7A2D80039F69A /* Foundation.framework in Frameworks */,
			);
			runOnlyForDeploymentPostprocessing = 0;
		};
/* End PBXFrameworksBuildPhase section */

/* Begin PBXGroup section */
		E7DC731A16D7A2D80039F69A = {
			isa = PBXGroup;
			children = (
				E7DC732816D7A2D80039F69A /* PocoFoundation */,
				E7DC732516D7A2D80039F69A /* Frameworks */,
				E7DC732416D7A2D80039F69A /* Products */,
			);
			sourceTree = "<group>";
		};
		E7DC732416D7A2D80039F69A /* Products */ = {
			isa = PBXGroup;
			children = (
				E7DC732316D7A2D80039F69A /* libPocoFoundation.a */,
			);
			name = Products;
			sourceTree = "<group>";
		};
		E7DC732516D7A2D80039F69A /* Frameworks */ = {
			isa = PBXGroup;
			children = (
				E7DC732616D7A2D80039F69A /* Foundation.framework */,
			);
			name = Frameworks;
			sourceTree = "<group>";
		};
		E7DC732816D7A2D80039F69A /* PocoFoundation */ = {
			isa = PBXGroup;
			children = (
				E7DC732B16D7A2D80039F69A /* PocoFoundation.h */,
				E7DC732D16D7A2D80039F69A /* PocoFoundation.m */,
				E7DC732916D7A2D80039F69A /* Supporting Files */,
			);
			path = PocoFoundation;
			sourceTree = "<group>";
		};
		E7DC732916D7A2D80039F69A /* Supporting Files */ = {
			isa = PBXGroup;
			children = (
				E7DC732A16D7A2D80039F69A /* PocoFoundation-Prefix.pch */,
			);
			name = "Supporting Files";
			sourceTree = "<group>";
		};
/* End PBXGroup section */

/* Begin PBXNativeTarget section */
		E7DC732216D7A2D80039F69A /* PocoFoundation */ = {
			isa = PBXNativeTarget;
			buildConfigurationList = E7DC733116D7A2D80039F69A /* Build configuration list for PBXNativeTarget "PocoFoundation" */;
			buildPhases = (
				E7DC731F16D7A2D80039F69A /* Sources */,
				E7DC732016D7A2D80039F69A /* Frameworks */,
				E7DC732116D7A2D80039F69A /* CopyFiles */,
			);
			buildRules = (
			);
			dependencies = (
			);
			name = PocoFoundation;
			productName = PocoFoundation;
			productReference = E7DC732316D7A2D80039F69A /* libPocoFoundation.a */;
			productType = "com.apple.product-type.library.static";
		};
/* End PBXNativeTarget section */

/* Begin PBXProject section */
		E7DC731B16D7A2D80039F69A /* Project object */ = {
			isa = PBXProject;
			attributes = {
				LastUpgradeCheck = 0460;
				ORGANIZATIONNAME = "Poco Project";
			};
			buildConfigurationList = E7DC731E16D7A2D80039F69A /* Build configuration list for PBXProject "PocoFoundation" */;
			compatibilityVersion = "Xcode 3.2";
			developmentRegion = English;
			hasScannedForEncodings = 0;
			knownRegions = (
				en,
			);
			mainGroup = E7DC731A16D7A2D80039F69A;
			productRefGroup = E7DC732416D7A2D80039F69A /* Products */;
			projectDirPath = "";
			projectRoot = "";
			targets = (
				E7DC732216D7A2D80039F69A /* PocoFoundation */,
			);
		};
/* End PBXProject section */

/* Begin PBXSourcesBuildPhase section */
		E7DC731F16D7A2D80039F69A /* Sources */ = {
			isa = PBXSourcesBuildPhase;
			buildActionMask = 2147483647;
			files = (
				E7DC732E16D7A2D80039F69A /* PocoFoundation.m in Sources */,
			);
			runOnlyForDeploymentPostprocessing = 0;
		};
/* End PBXSourcesBuildPhase section */

/* Begin XCBuildConfiguration section */
		E7DC732F16D7A2D80039F69A /* Debug */ = {
			isa = XCBuildConfiguration;
			buildSettings = {
				ALWAYS_SEARCH_USER_PATHS = NO;
				CLANG_CXX_LANGUAGE_STANDARD = "gnu++0x";
				CLANG_CXX_LIBRARY = "libc++";
				CLANG_WARN_CONSTANT_CONVERSION = YES;
				CLANG_WARN_EMPTY_BODY = YES;
				CLANG_WARN_ENUM_CONVERSION = YES;
				CLANG_WARN_INT_CONVERSION = YES;
				CLANG_WARN__DUPLICATE_METHOD_MATCH = YES;
				COPY_PHASE_STRIP = NO;
				GCC_C_LANGUAGE_STANDARD = gnu99;
				GCC_DYNAMIC_NO_PIC = NO;
				GCC_OPTIMIZATION_LEVEL = 0;
				GCC_PREPROCESSOR_DEFINITIONS = (
					"DEBUG=1",
					"$(inherited)",
				);
				GCC_SYMBOLS_PRIVATE_EXTERN = NO;
				GCC_WARN_ABOUT_RETURN_TYPE = YES;
				GCC_WARN_UNINITIALIZED_AUTOS = YES;
				GCC_WARN_UNUSED_VARIABLE = YES;
				IPHONEOS_DEPLOYMENT_TARGET = 6.1;
				ONLY_ACTIVE_ARCH = YES;
				SDKROOT = iphoneos;
			};
			name = Debug;
		};
		E7DC733016D7A2D80039F69A /* Release */ = {
			isa = XCBuildConfiguration;
			buildSettings = {
				ALWAYS_SEARCH_USER_PATHS = NO;
				CLANG_CXX_LANGUAGE_STANDARD = "gnu++0x";
				CLANG_CXX_LIBRARY = "libc++";
				CLANG_WARN_CONSTANT_CONVERSION = YES;
				CLANG_WARN_EMPTY_BODY = YES;
				CLANG_WARN_ENUM_CONVERSION = YES;
				CLANG_WARN_INT_CONVERSION = YES;
				CLANG_WARN__DUPLICATE_METHOD_MATCH = YES;
				COPY_PHASE_STRIP = YES;
				GCC_C_LANGUAGE_STANDARD = gnu99;
				GCC_WARN_ABOUT_RETURN_TYPE = YES;
				GCC_WARN_UNINITIALIZED_AUTOS = YES;
				GCC_WARN_UNUSED_VARIABLE = YES;
				IPHONEOS_DEPLOYMENT_TARGET = 6.1;
				SDKROOT = iphoneos;
				VALIDATE_PRODUCT = YES;
			};
			name = Release;
		};
		E7DC733216D7A2D80039F69A /* Debug */ = {
			isa = XCBuildConfiguration;
			buildSettings = {
				DSTROOT = /tmp/PocoFoundation.dst;
				GCC_PRECOMPILE_PREFIX_HEADER = YES;
				GCC_PREFIX_HEADER = "PocoFoundation/PocoFoundation-Prefix.pch";
				OTHER_LDFLAGS = "-ObjC";
				PRODUCT_NAME = "$(TARGET_NAME)";
				SKIP_INSTALL = YES;
			};
			name = Debug;
		};
		E7DC733316D7A2D80039F69A /* Release */ = {
			isa = XCBuildConfiguration;
			buildSettings = {
				DSTROOT = /tmp/PocoFoundation.dst;
				GCC_PRECOMPILE_PREFIX_HEADER = YES;
				GCC_PREFIX_HEADER = "PocoFoundation/PocoFoundation-Prefix.pch";
				OTHER_LDFLAGS = "-ObjC";
				PRODUCT_NAME = "$(TARGET_NAME)";
				SKIP_INSTALL = YES;
			};
			name = Release;
		};
/* End XCBuildConfiguration section */

/* Begin XCConfigurationList section */
		E7DC731E16D7A2D80039F69A /* Build configuration list for PBXProject "PocoFoundation" */ = {
			isa = XCConfigurationList;
			buildConfigurations = (
				E7DC732F16D7A2D80039F69A /* Debug */,
				E7DC733016D7A2D80039F69A /* Release */,
			);
			defaultConfigurationIsVisible = 0;
			defaultConfigurationName = Release;
		};
		E7DC733116D7A2D80039F69A /* Build configuration list for PBXNativeTarget "PocoFoundation" */ = {
			isa = XCConfigurationList;
			buildConfigurations = (
				E7DC733216D7A2D80039F69A /* Debug */,
				E7DC733316D7A2D80039F69A /* Release */,
			);
			defaultConfigurationIsVisible = 0;
		};
/* End XCConfigurationList section */
	};
	rootObject = E7DC731B16D7A2D80039F69A /* Project object */;
}
